
Microsoft Visual Studio Solution File, Format Version 12.00
# Visual Studio Version 16
VisualStudioVersion = 16.0.30711.63
MinimumVisualStudioVersion = 10.0.40219.1
Project("{9A19103F-16F7-4668-BE54-9A1E7A4F7556}") = "ReFitPatientCore", "WpfApp1\ReFitPatientCore.csproj", "{A0E5E776-4B75-4294-9B79-00CE45FD2924}"
EndProject
Project("{9A19103F-16F7-4668-BE54-9A1E7A4F7556}") = "ReFitPatientData", "RefitPatientData\ReFitPatientData.csproj", "{4A574494-9072-434F-811C-BAB6F97F10FE}"
EndProject
Project("{9A19103F-16F7-4668-BE54-9A1E7A4F7556}") = "RefitPatientBusiness", "RefitPatientBusiness\RefitPatientBusiness.csproj", "{CDEDC839-C40D-41C3-BA94-36487A693A25}"
EndProject
Project("{9A19103F-16F7-4668-BE54-9A1E7A4F7556}") = "ReFitPatientDomain", "ReFitPatientDomain\ReFitPatientDomain.csproj", "{8B6F1125-C980-4450-A20E-2D3211E87FD6}"
EndProject
Global
	GlobalSection(SolutionConfigurationPlatforms) = preSolution
		Debug|Any CPU = Debug|Any CPU
		Release|Any CPU = Release|Any CPU
	EndGlobalSection
	GlobalSection(ProjectConfigurationPlatforms) = postSolution
		{A0E5E776-4B75-4294-9B79-00CE45FD2924}.Debug|Any CPU.ActiveCfg = Debug|Any CPU
		{A0E5E776-4B75-4294-9B79-00CE45FD2924}.Debug|Any CPU.Build.0 = Debug|Any CPU
		{A0E5E776-4B75-4294-9B79-00CE45FD2924}.Release|Any CPU.ActiveCfg = Release|Any CPU
		{A0E5E776-4B75-4294-9B79-00CE45FD2924}.Release|Any CPU.Build.0 = Release|Any CPU
		{4A574494-9072-434F-811C-BAB6F97F10FE}.Debug|Any CPU.ActiveCfg = Debug|Any CPU
		{4A574494-9072-434F-811C-BAB6F97F10FE}.Debug|Any CPU.Build.0 = Debug|Any CPU
		{4A574494-9072-434F-811C-BAB6F97F10FE}.Release|Any CPU.ActiveCfg = Release|Any CPU
		{4A574494-9072-434F-811C-BAB6F97F10FE}.Release|Any CPU.Build.0 = Release|Any CPU
		{CDEDC839-C40D-41C3-BA94-36487A693A25}.Debug|Any CPU.ActiveCfg = Debug|Any CPU
		{CDEDC839-C40D-41C3-BA94-36487A693A25}.Debug|Any CPU.Build.0 = Debug|Any CPU
		{CDEDC839-C40D-41C3-BA94-36487A693A25}.Release|Any CPU.ActiveCfg = Release|Any CPU
		{CDEDC839-C40D-41C3-BA94-36487A693A25}.Release|Any CPU.Build.0 = Release|Any CPU
		{8B6F1125-C980-4450-A20E-2D3211E87FD6}.Debug|Any CPU.ActiveCfg = Debug|Any CPU
		{8B6F1125-C980-4450-A20E-2D3211E87FD6}.Debug|Any CPU.Build.0 = Debug|Any CPU
		{8B6F1125-C980-4450-A20E-2D3211E87FD6}.Release|Any CPU.ActiveCfg = Release|Any CPU
		{8B6F1125-C980-4450-A20E-2D3211E87FD6}.Release|Any CPU.Build.0 = Release|Any CPU
	EndGlobalSection
	GlobalSection(SolutionProperties) = preSolution
		HideSolutionNode = FALSE
	EndGlobalSection
	GlobalSection(ExtensibilityGlobals) = postSolution
		SolutionGuid = {54EEEBAB-2C0F-4EC1-8885-6314CD59CAA9}
	EndGlobalSection
EndGlobal
